
Microsoft Visual Studio Solution File, Format Version 12.00
# Visual Studio Version 16
VisualStudioVersion = 16.0.32510.428
MinimumVisualStudioVersion = 10.0.40219.1
Project("{FAE04EC0-301F-11D3-BF4B-00C04F79EFBC}") = "WeaponDamage_Part_1", "WeaponDamage_Part_1\WeaponDamage_Part_1.csproj", "{FC96C049-6CD5-4C02-BA57-FCC0ACE02E0F}"
EndProject
Global
	GlobalSection(SolutionConfigurationPlatforms) = preSolution
		Debug|Any CPU = Debug|Any CPU
		Release|Any CPU = Release|Any CPU
	EndGlobalSection
	GlobalSection(ProjectConfigurationPlatforms) = postSolution
		{FC96C049-6CD5-4C02-BA57-FCC0ACE02E0F}.Debug|Any CPU.ActiveCfg = Debug|Any CPU
		{FC96C049-6CD5-4C02-BA57-FCC0ACE02E0F}.Debug|Any CPU.Build.0 = Debug|Any CPU
		{FC96C049-6CD5-4C02-BA57-FCC0ACE02E0F}.Release|Any CPU.ActiveCfg = Release|Any CPU
		{FC96C049-6CD5-4C02-BA57-FCC0ACE02E0F}.Release|Any CPU.Build.0 = Release|Any CPU
	EndGlobalSection
	GlobalSection(SolutionProperties) = preSolution
		HideSolutionNode = FALSE
	EndGlobalSection
	GlobalSection(ExtensibilityGlobals) = postSolution
		SolutionGuid = {974F538B-B21C-4E1F-BE4D-94D02ECF6A60}
	EndGlobalSection
EndGlobal
